
Microsoft Visual Studio Solution File, Format Version 12.00
# Visual Studio Version 16
VisualStudioVersion = 16.0.31515.178
MinimumVisualStudioVersion = 10.0.40219.1
Project("{9A19103F-16F7-4668-BE54-9A1E7A4F7556}") = "ShapeDrawer", "ShapeDrawer.csproj", "{C9E044BB-0BD1-42B3-8AAD-EAF01A22FEA0}"
EndProject
Global
	GlobalSection(SolutionConfigurationPlatforms) = preSolution
		Debug|Any CPU = Debug|Any CPU
		Release|Any CPU = Release|Any CPU
	EndGlobalSection
	GlobalSection(ProjectConfigurationPlatforms) = postSolution
		{C9E044BB-0BD1-42B3-8AAD-EAF01A22FEA0}.Debug|Any CPU.ActiveCfg = Debug|Any CPU
		{C9E044BB-0BD1-42B3-8AAD-EAF01A22FEA0}.Debug|Any CPU.Build.0 = Debug|Any CPU
		{C9E044BB-0BD1-42B3-8AAD-EAF01A22FEA0}.Release|Any CPU.ActiveCfg = Release|Any CPU
		{C9E044BB-0BD1-42B3-8AAD-EAF01A22FEA0}.Release|Any CPU.Build.0 = Release|Any CPU
	EndGlobalSection
	GlobalSection(SolutionProperties) = preSolution
		HideSolutionNode = FALSE
	EndGlobalSection
	GlobalSection(ExtensibilityGlobals) = postSolution
		SolutionGuid = {EE1156CF-70D0-46F5-B863-04E09CA36ADD}
	EndGlobalSection
EndGlobal
